
Microsoft Visual Studio Solution File, Format Version 12.00
# Visual Studio Version 17
VisualStudioVersion = 17.14.36414.22
MinimumVisualStudioVersion = 10.0.40219.1
Project("{FAE04EC0-301F-11D3-BF4B-00C04F79EFBC}") = "Ai-My", "My-Ai\Ai-My.csproj", "{B4BBB579-A32F-46B3-84A5-F113CBB9EEE9}"
EndProject
Project("{9A19103F-16F7-4668-BE54-9A1E7A4F7556}") = "My-Ai.Tests", "My-Ai.Tests\My-Ai.Tests.csproj", "{DC491D17-A8B4-4CE6-9FA1-846DE8869008}"
EndProject
Project("{9A19103F-16F7-4668-BE54-9A1E7A4F7556}") = "My-Ai.BlazorTests", "My-Ai.BlazorTests\My-Ai.BlazorTests.csproj", "{7B0A6044-DA08-4F2D-B27C-51E57CDA70F3}"
EndProject
Project("{2150E333-8FDC-42A3-9474-1A3956D46DE8}") = "Solution Items", "Solution Items", "{8EC462FD-D22E-90A8-E5CE-7E832BA40C5D}"
	ProjectSection(SolutionItems) = preProject
		.github\workflows\ci-cd.yml = .github\workflows\ci-cd.yml
		txt My-Ai\wwwroot\robots.txt = txt My-Ai\wwwroot\robots.txt
		scripts\run-tests-ci.ps1 = scripts\run-tests-ci.ps1
		scripts\run-tests.ps1 = scripts\run-tests.ps1
	EndProjectSection
EndProject
Global
	GlobalSection(SolutionConfigurationPlatforms) = preSolution
		Debug|Any CPU = Debug|Any CPU
		Release|Any CPU = Release|Any CPU
	EndGlobalSection
	GlobalSection(ProjectConfigurationPlatforms) = postSolution
		{B4BBB579-A32F-46B3-84A5-F113CBB9EEE9}.Debug|Any CPU.ActiveCfg = Debug|Any CPU
		{B4BBB579-A32F-46B3-84A5-F113CBB9EEE9}.Debug|Any CPU.Build.0 = Debug|Any CPU
		{B4BBB579-A32F-46B3-84A5-F113CBB9EEE9}.Release|Any CPU.ActiveCfg = Release|Any CPU
		{B4BBB579-A32F-46B3-84A5-F113CBB9EEE9}.Release|Any CPU.Build.0 = Release|Any CPU
		{DC491D17-A8B4-4CE6-9FA1-846DE8869008}.Debug|Any CPU.ActiveCfg = Debug|Any CPU
		{DC491D17-A8B4-4CE6-9FA1-846DE8869008}.Debug|Any CPU.Build.0 = Debug|Any CPU
		{DC491D17-A8B4-4CE6-9FA1-846DE8869008}.Release|Any CPU.ActiveCfg = Release|Any CPU
		{DC491D17-A8B4-4CE6-9FA1-846DE8869008}.Release|Any CPU.Build.0 = Release|Any CPU
		{7B0A6044-DA08-4F2D-B27C-51E57CDA70F3}.Debug|Any CPU.ActiveCfg = Debug|Any CPU
		{7B0A6044-DA08-4F2D-B27C-51E57CDA70F3}.Debug|Any CPU.Build.0 = Debug|Any CPU
		{7B0A6044-DA08-4F2D-B27C-51E57CDA70F3}.Release|Any CPU.ActiveCfg = Release|Any CPU
		{7B0A6044-DA08-4F2D-B27C-51E57CDA70F3}.Release|Any CPU.Build.0 = Release|Any CPU
	EndGlobalSection
	GlobalSection(SolutionProperties) = preSolution
		HideSolutionNode = FALSE
	EndGlobalSection
	GlobalSection(ExtensibilityGlobals) = postSolution
		SolutionGuid = {74015A6B-2A68-42CA-93E3-976EF757BCAF}
	EndGlobalSection
EndGlobal
